
Microsoft Visual Studio Solution File, Format Version 12.00
# Visual Studio Version 17
VisualStudioVersion = 17.13.35931.197
MinimumVisualStudioVersion = 10.0.40219.1
Project("{2150E333-8FDC-42A3-9474-1A3956D46DE8}") = "01", "01", "{02EA681E-C7D8-13C7-8484-4AC65E1B71E8}"
EndProject
Project("{FAE04EC0-301F-11D3-BF4B-00C04F79EFBC}") = "Ejercicio01", "Ejercicio01\Ejercicio01.csproj", "{41EC66A6-01C4-45E1-9775-44CC04A204FB}"
EndProject
Project("{2150E333-8FDC-42A3-9474-1A3956D46DE8}") = "02", "02", "{1C42228D-7620-4CEF-986B-8BE7729D5176}"
EndProject
Project("{FAE04EC0-301F-11D3-BF4B-00C04F79EFBC}") = "Ejercicio02.Consola", "Ejercicio02.Consola\Ejercicio02.Consola.csproj", "{1A60215A-6022-4594-AA80-C3D6D690CEA7}"
EndProject
Project("{2150E333-8FDC-42A3-9474-1A3956D46DE8}") = "03", "03", "{BE087B63-8FD0-41F7-9CBE-41A8EB90F43C}"
EndProject
Project("{2150E333-8FDC-42A3-9474-1A3956D46DE8}") = "03B", "03B", "{B1FDAD36-A6A8-4C7C-968D-B2BB13DBF1B7}"
EndProject
Project("{2150E333-8FDC-42A3-9474-1A3956D46DE8}") = "05", "05", "{75A59A28-3F09-439F-BF9C-CC60409F27F5}"
EndProject
Project("{2150E333-8FDC-42A3-9474-1A3956D46DE8}") = "06", "06", "{17EA560D-81DD-4C1A-833E-450B3ECA9CB4}"
EndProject
Project("{2150E333-8FDC-42A3-9474-1A3956D46DE8}") = "06B", "06B", "{49961271-F276-4665-AEA4-CC4B21EEE489}"
EndProject
Project("{2150E333-8FDC-42A3-9474-1A3956D46DE8}") = "10", "10", "{3508016A-BF73-4700-B9C0-6251F58DAD29}"
EndProject
Project("{2150E333-8FDC-42A3-9474-1A3956D46DE8}") = "11", "11", "{1378A660-3407-425D-B93B-01980B016138}"
EndProject
Project("{2150E333-8FDC-42A3-9474-1A3956D46DE8}") = "11B", "11B", "{FB514765-86A8-4B69-8829-147B33B42429}"
EndProject
Project("{FAE04EC0-301F-11D3-BF4B-00C04F79EFBC}") = "Ejercicio03.Consola", "Ejercicio03.Consola\Ejercicio03.Consola.csproj", "{BC2B9505-E23D-4906-A40C-54D7EA70BF98}"
EndProject
Project("{FAE04EC0-301F-11D3-BF4B-00C04F79EFBC}") = "Ejercicio03B.Consola", "Ejercicio03B.Consola\Ejercicio03B.Consola.csproj", "{0510DD7C-B81D-42A5-BB95-BB3444292E9E}"
EndProject
Project("{FAE04EC0-301F-11D3-BF4B-00C04F79EFBC}") = "Ejercicio05.Consola", "Ejercicio05.Consola\Ejercicio05.Consola.csproj", "{62B1CBB6-3BB2-4386-98FA-47E8065EE7CD}"
EndProject
Project("{FAE04EC0-301F-11D3-BF4B-00C04F79EFBC}") = "Ejercicio06.Consola", "Ejercicio06.Consola\Ejercicio06.Consola.csproj", "{7CC327F9-4366-4D7B-9977-FFAEC2529F8D}"
EndProject
Project("{FAE04EC0-301F-11D3-BF4B-00C04F79EFBC}") = "Ejercicio06B.Consola", "Ejercicio06B.Consola\Ejercicio06B.Consola.csproj", "{C3BD2CA4-8D49-4D77-A358-DD728F0736D4}"
EndProject
Project("{FAE04EC0-301F-11D3-BF4B-00C04F79EFBC}") = "Ejercicio10.Consola", "Ejercicio10.Consola\Ejercicio10.Consola.csproj", "{2F7DBFC2-9801-4A5E-8BA9-3DD0F0DFAB5B}"
EndProject
Project("{FAE04EC0-301F-11D3-BF4B-00C04F79EFBC}") = "Ejercicio11.Consola", "Ejercicio11.Consola\Ejercicio11.Consola.csproj", "{747FD4B3-E9E2-46E0-8A64-061FFD06D96C}"
EndProject
Project("{FAE04EC0-301F-11D3-BF4B-00C04F79EFBC}") = "Ejercicio11B.Consola", "Ejercicio11B.Consola\Ejercicio11B.Consola.csproj", "{EFD26A2A-71F9-4A22-93CA-091EDF0AFCF6}"
EndProject
Project("{2150E333-8FDC-42A3-9474-1A3956D46DE8}") = "04", "04", "{FB5F6037-4286-4CDB-8225-9E0FC7523837}"
EndProject
Project("{FAE04EC0-301F-11D3-BF4B-00C04F79EFBC}") = "Ejercicio04.Consola", "Ejercicio04.Consola\Ejercicio04.Consola.csproj", "{20A4E702-01EF-4F94-930B-E5AD31BF76F4}"
EndProject
Global
	GlobalSection(SolutionConfigurationPlatforms) = preSolution
		Debug|Any CPU = Debug|Any CPU
		Release|Any CPU = Release|Any CPU
	EndGlobalSection
	GlobalSection(ProjectConfigurationPlatforms) = postSolution
		{41EC66A6-01C4-45E1-9775-44CC04A204FB}.Debug|Any CPU.ActiveCfg = Debug|Any CPU
		{41EC66A6-01C4-45E1-9775-44CC04A204FB}.Debug|Any CPU.Build.0 = Debug|Any CPU
		{41EC66A6-01C4-45E1-9775-44CC04A204FB}.Release|Any CPU.ActiveCfg = Release|Any CPU
		{41EC66A6-01C4-45E1-9775-44CC04A204FB}.Release|Any CPU.Build.0 = Release|Any CPU
		{1A60215A-6022-4594-AA80-C3D6D690CEA7}.Debug|Any CPU.ActiveCfg = Debug|Any CPU
		{1A60215A-6022-4594-AA80-C3D6D690CEA7}.Debug|Any CPU.Build.0 = Debug|Any CPU
		{1A60215A-6022-4594-AA80-C3D6D690CEA7}.Release|Any CPU.ActiveCfg = Release|Any CPU
		{1A60215A-6022-4594-AA80-C3D6D690CEA7}.Release|Any CPU.Build.0 = Release|Any CPU
		{BC2B9505-E23D-4906-A40C-54D7EA70BF98}.Debug|Any CPU.ActiveCfg = Debug|Any CPU
		{BC2B9505-E23D-4906-A40C-54D7EA70BF98}.Debug|Any CPU.Build.0 = Debug|Any CPU
		{BC2B9505-E23D-4906-A40C-54D7EA70BF98}.Release|Any CPU.ActiveCfg = Release|Any CPU
		{BC2B9505-E23D-4906-A40C-54D7EA70BF98}.Release|Any CPU.Build.0 = Release|Any CPU
		{0510DD7C-B81D-42A5-BB95-BB3444292E9E}.Debug|Any CPU.ActiveCfg = Debug|Any CPU
		{0510DD7C-B81D-42A5-BB95-BB3444292E9E}.Debug|Any CPU.Build.0 = Debug|Any CPU
		{0510DD7C-B81D-42A5-BB95-BB3444292E9E}.Release|Any CPU.ActiveCfg = Release|Any CPU
		{0510DD7C-B81D-42A5-BB95-BB3444292E9E}.Release|Any CPU.Build.0 = Release|Any CPU
		{62B1CBB6-3BB2-4386-98FA-47E8065EE7CD}.Debug|Any CPU.ActiveCfg = Debug|Any CPU
		{62B1CBB6-3BB2-4386-98FA-47E8065EE7CD}.Debug|Any CPU.Build.0 = Debug|Any CPU
		{62B1CBB6-3BB2-4386-98FA-47E8065EE7CD}.Release|Any CPU.ActiveCfg = Release|Any CPU
		{62B1CBB6-3BB2-4386-98FA-47E8065EE7CD}.Release|Any CPU.Build.0 = Release|Any CPU
		{7CC327F9-4366-4D7B-9977-FFAEC2529F8D}.Debug|Any CPU.ActiveCfg = Debug|Any CPU
		{7CC327F9-4366-4D7B-9977-FFAEC2529F8D}.Debug|Any CPU.Build.0 = Debug|Any CPU
		{7CC327F9-4366-4D7B-9977-FFAEC2529F8D}.Release|Any CPU.ActiveCfg = Release|Any CPU
		{7CC327F9-4366-4D7B-9977-FFAEC2529F8D}.Release|Any CPU.Build.0 = Release|Any CPU
		{C3BD2CA4-8D49-4D77-A358-DD728F0736D4}.Debug|Any CPU.ActiveCfg = Debug|Any CPU
		{C3BD2CA4-8D49-4D77-A358-DD728F0736D4}.Debug|Any CPU.Build.0 = Debug|Any CPU
		{C3BD2CA4-8D49-4D77-A358-DD728F0736D4}.Release|Any CPU.ActiveCfg = Release|Any CPU
		{C3BD2CA4-8D49-4D77-A358-DD728F0736D4}.Release|Any CPU.Build.0 = Release|Any CPU
		{2F7DBFC2-9801-4A5E-8BA9-3DD0F0DFAB5B}.Debug|Any CPU.ActiveCfg = Debug|Any CPU
		{2F7DBFC2-9801-4A5E-8BA9-3DD0F0DFAB5B}.Debug|Any CPU.Build.0 = Debug|Any CPU
		{2F7DBFC2-9801-4A5E-8BA9-3DD0F0DFAB5B}.Release|Any CPU.ActiveCfg = Release|Any CPU
		{2F7DBFC2-9801-4A5E-8BA9-3DD0F0DFAB5B}.Release|Any CPU.Build.0 = Release|Any CPU
		{747FD4B3-E9E2-46E0-8A64-061FFD06D96C}.Debug|Any CPU.ActiveCfg = Debug|Any CPU
		{747FD4B3-E9E2-46E0-8A64-061FFD06D96C}.Debug|Any CPU.Build.0 = Debug|Any CPU
		{747FD4B3-E9E2-46E0-8A64-061FFD06D96C}.Release|Any CPU.ActiveCfg = Release|Any CPU
		{747FD4B3-E9E2-46E0-8A64-061FFD06D96C}.Release|Any CPU.Build.0 = Release|Any CPU
		{EFD26A2A-71F9-4A22-93CA-091EDF0AFCF6}.Debug|Any CPU.ActiveCfg = Debug|Any CPU
		{EFD26A2A-71F9-4A22-93CA-091EDF0AFCF6}.Debug|Any CPU.Build.0 = Debug|Any CPU
		{EFD26A2A-71F9-4A22-93CA-091EDF0AFCF6}.Release|Any CPU.ActiveCfg = Release|Any CPU
		{EFD26A2A-71F9-4A22-93CA-091EDF0AFCF6}.Release|Any CPU.Build.0 = Release|Any CPU
		{20A4E702-01EF-4F94-930B-E5AD31BF76F4}.Debug|Any CPU.ActiveCfg = Debug|Any CPU
		{20A4E702-01EF-4F94-930B-E5AD31BF76F4}.Debug|Any CPU.Build.0 = Debug|Any CPU
		{20A4E702-01EF-4F94-930B-E5AD31BF76F4}.Release|Any CPU.ActiveCfg = Release|Any CPU
		{20A4E702-01EF-4F94-930B-E5AD31BF76F4}.Release|Any CPU.Build.0 = Release|Any CPU
	EndGlobalSection
	GlobalSection(SolutionProperties) = preSolution
		HideSolutionNode = FALSE
	EndGlobalSection
	GlobalSection(NestedProjects) = preSolution
		{41EC66A6-01C4-45E1-9775-44CC04A204FB} = {02EA681E-C7D8-13C7-8484-4AC65E1B71E8}
		{1A60215A-6022-4594-AA80-C3D6D690CEA7} = {1C42228D-7620-4CEF-986B-8BE7729D5176}
		{BC2B9505-E23D-4906-A40C-54D7EA70BF98} = {BE087B63-8FD0-41F7-9CBE-41A8EB90F43C}
		{0510DD7C-B81D-42A5-BB95-BB3444292E9E} = {B1FDAD36-A6A8-4C7C-968D-B2BB13DBF1B7}
		{62B1CBB6-3BB2-4386-98FA-47E8065EE7CD} = {75A59A28-3F09-439F-BF9C-CC60409F27F5}
		{7CC327F9-4366-4D7B-9977-FFAEC2529F8D} = {17EA560D-81DD-4C1A-833E-450B3ECA9CB4}
		{C3BD2CA4-8D49-4D77-A358-DD728F0736D4} = {49961271-F276-4665-AEA4-CC4B21EEE489}
		{2F7DBFC2-9801-4A5E-8BA9-3DD0F0DFAB5B} = {3508016A-BF73-4700-B9C0-6251F58DAD29}
		{747FD4B3-E9E2-46E0-8A64-061FFD06D96C} = {1378A660-3407-425D-B93B-01980B016138}
		{EFD26A2A-71F9-4A22-93CA-091EDF0AFCF6} = {FB514765-86A8-4B69-8829-147B33B42429}
		{20A4E702-01EF-4F94-930B-E5AD31BF76F4} = {FB5F6037-4286-4CDB-8225-9E0FC7523837}
	EndGlobalSection
	GlobalSection(ExtensibilityGlobals) = postSolution
		SolutionGuid = {CE3C723F-A902-4D48-962E-92EDF016A940}
	EndGlobalSection
EndGlobal
